{
  "version": 4,
  "terraform_version": "1.4.6",
  "serial": 30,
  "lineage": "c19777cd-bbda-9949-0ecd-a8cc2d8f5a65",
  "outputs": {
    "IpPub_LoadBalancer": {
      "value": null,
      "type": "string"
    },
    "acctvm0": {
      "value": null,
      "type": "dynamic"
    },
    "acctvm1": {
      "value": null,
      "type": "dynamic"
    },
    "region": {
      "value": "westeurope",
      "type": "string"
    },
    "resource_group_name": {
      "value": "obab-terraform-project",
      "type": "string"
    }
  },
  "resources": [
    {
      "mode": "managed",
      "type": "azurerm_resource_group",
      "name": "obab-terraform-project",
      "provider": "provider[\"registry.terraform.io/hashicorp/azurerm\"]",
      "instances": [
        {
          "schema_version": 0,
          "attributes": {
            "id": "/subscriptions/393e3de3-0900-4b72-8f1b-fb3b1d6b97f1/resourceGroups/obab-terraform-project",
            "location": "westeurope",
            "name": "obab-terraform-project",
            "tags": {},
            "timeouts": {
              "create": null,
              "delete": null,
              "read": null,
              "update": null
            }
          },
          "sensitive_attributes": [],
          "private": "eyJlMmJmYjczMC1lY2FhLTExZTYtOGY4OC0zNDM2M2JjN2M0YzAiOnsiY3JlYXRlIjo1NDAwMDAwMDAwMDAwLCJkZWxldGUiOjU0MDAwMDAwMDAwMDAsInJlYWQiOjMwMDAwMDAwMDAwMCwidXBkYXRlIjo1NDAwMDAwMDAwMDAwfSwic2NoZW1hX3ZlcnNpb24iOiIwIn0="
        }
      ]
    }
  ],
  "check_results": null
}
